// !$*UTF8*$!
{
	archiveVersion = 1;
	classes = {
	};
	objectVersion = 48;
	objects = {

/* Begin PBXBuildFile section */
		1E020ED2203CFE92001D0737 /* OKCTests.swift in Sources */ = {isa = PBXBuildFile; fileRef = 1E020ED1203CFE92001D0737 /* OKCTests.swift */; };
		1E337D302035127800A9EAA1 /* AppDelegate.swift in Sources */ = {isa = PBXBuildFile; fileRef = 1E337D2F2035127800A9EAA1 /* AppDelegate.swift */; };
		1E337D322035127800A9EAA1 /* ViewController.swift in Sources */ = {isa = PBXBuildFile; fileRef = 1E337D312035127800A9EAA1 /* ViewController.swift */; };
		1E337D352035127800A9EAA1 /* Main.storyboard in Resources */ = {isa = PBXBuildFile; fileRef = 1E337D332035127800A9EAA1 /* Main.storyboard */; };
		1E337D372035127800A9EAA1 /* Assets.xcassets in Resources */ = {isa = PBXBuildFile; fileRef = 1E337D362035127800A9EAA1 /* Assets.xcassets */; };
		1E337D3A2035127800A9EAA1 /* LaunchScreen.storyboard in Resources */ = {isa = PBXBuildFile; fileRef = 1E337D382035127800A9EAA1 /* LaunchScreen.storyboard */; };
		1E337D442035169E00A9EAA1 /* OKCNetworkingAPI.swift in Sources */ = {isa = PBXBuildFile; fileRef = 1E337D432035169E00A9EAA1 /* OKCNetworkingAPI.swift */; };
		1E337D4820351ACE00A9EAA1 /* UserPhotoParser.swift in Sources */ = {isa = PBXBuildFile; fileRef = 1E337D4720351ACE00A9EAA1 /* UserPhotoParser.swift */; };
		1E337D4A20351ADF00A9EAA1 /* UserDataParser.swift in Sources */ = {isa = PBXBuildFile; fileRef = 1E337D4920351ADF00A9EAA1 /* UserDataParser.swift */; };
		1E337D4D2039D17800A9EAA1 /* UserPhoto.swift in Sources */ = {isa = PBXBuildFile; fileRef = 1E337D4C2039D17800A9EAA1 /* UserPhoto.swift */; };
		1E337D512039D6D500A9EAA1 /* UserLocationParser.swift in Sources */ = {isa = PBXBuildFile; fileRef = 1E337D502039D6D500A9EAA1 /* UserLocationParser.swift */; };
		1E337D532039D78100A9EAA1 /* UserLocation.swift in Sources */ = {isa = PBXBuildFile; fileRef = 1E337D522039D78100A9EAA1 /* UserLocation.swift */; };
		1E337D61203A01F900A9EAA1 /* UserDetails.swift in Sources */ = {isa = PBXBuildFile; fileRef = 1E337D60203A01F900A9EAA1 /* UserDetails.swift */; };
		1E337D6B203B758100A9EAA1 /* CellLayout.swift in Sources */ = {isa = PBXBuildFile; fileRef = 1E337D6A203B758100A9EAA1 /* CellLayout.swift */; };
/* End PBXBuildFile section */

/* Begin PBXContainerItemProxy section */
		1E020ED4203CFE92001D0737 /* PBXContainerItemProxy */ = {
			isa = PBXContainerItemProxy;
			containerPortal = 1E337D242035127800A9EAA1 /* Project object */;
			proxyType = 1;
			remoteGlobalIDString = 1E337D2B2035127800A9EAA1;
			remoteInfo = OKC;
		};
/* End PBXContainerItemProxy section */

/* Begin PBXFileReference section */
		1E020ECF203CFE92001D0737 /* OKCTests.xctest */ = {isa = PBXFileReference; explicitFileType = wrapper.cfbundle; includeInIndex = 0; path = OKCTests.xctest; sourceTree = BUILT_PRODUCTS_DIR; };
		1E020ED1203CFE92001D0737 /* OKCTests.swift */ = {isa = PBXFileReference; lastKnownFileType = sourcecode.swift; path = OKCTests.swift; sourceTree = "<group>"; };
		1E020ED3203CFE92001D0737 /* Info.plist */ = {isa = PBXFileReference; lastKnownFileType = text.plist.xml; path = Info.plist; sourceTree = "<group>"; };
		1E337D2C2035127800A9EAA1 /* OKC.app */ = {isa = PBXFileReference; explicitFileType = wrapper.application; includeInIndex = 0; path = OKC.app; sourceTree = BUILT_PRODUCTS_DIR; };
		1E337D2F2035127800A9EAA1 /* AppDelegate.swift */ = {isa = PBXFileReference; lastKnownFileType = sourcecode.swift; path = AppDelegate.swift; sourceTree = "<group>"; };
		1E337D312035127800A9EAA1 /* ViewController.swift */ = {isa = PBXFileReference; lastKnownFileType = sourcecode.swift; path = ViewController.swift; sourceTree = "<group>"; };
		1E337D342035127800A9EAA1 /* Base */ = {isa = PBXFileReference; lastKnownFileType = file.storyboard; name = Base; path = Base.lproj/Main.storyboard; sourceTree = "<group>"; };
		1E337D362035127800A9EAA1 /* Assets.xcassets */ = {isa = PBXFileReference; lastKnownFileType = folder.assetcatalog; path = Assets.xcassets; sourceTree = "<group>"; };
		1E337D392035127800A9EAA1 /* Base */ = {isa = PBXFileReference; lastKnownFileType = file.storyboard; name = Base; path = Base.lproj/LaunchScreen.storyboard; sourceTree = "<group>"; };
		1E337D3B2035127800A9EAA1 /* Info.plist */ = {isa = PBXFileReference; lastKnownFileType = text.plist.xml; path = Info.plist; sourceTree = "<group>"; };
		1E337D432035169E00A9EAA1 /* OKCNetworkingAPI.swift */ = {isa = PBXFileReference; lastKnownFileType = sourcecode.swift; path = OKCNetworkingAPI.swift; sourceTree = "<group>"; };
		1E337D4720351ACE00A9EAA1 /* UserPhotoParser.swift */ = {isa = PBXFileReference; lastKnownFileType = sourcecode.swift; path = UserPhotoParser.swift; sourceTree = "<group>"; };
		1E337D4920351ADF00A9EAA1 /* UserDataParser.swift */ = {isa = PBXFileReference; lastKnownFileType = sourcecode.swift; path = UserDataParser.swift; sourceTree = "<group>"; };
		1E337D4C2039D17800A9EAA1 /* UserPhoto.swift */ = {isa = PBXFileReference; lastKnownFileType = sourcecode.swift; path = UserPhoto.swift; sourceTree = "<group>"; };
		1E337D502039D6D500A9EAA1 /* UserLocationParser.swift */ = {isa = PBXFileReference; lastKnownFileType = sourcecode.swift; path = UserLocationParser.swift; sourceTree = "<group>"; };
		1E337D522039D78100A9EAA1 /* UserLocation.swift */ = {isa = PBXFileReference; lastKnownFileType = sourcecode.swift; path = UserLocation.swift; sourceTree = "<group>"; };
		1E337D60203A01F900A9EAA1 /* UserDetails.swift */ = {isa = PBXFileReference; lastKnownFileType = sourcecode.swift; path = UserDetails.swift; sourceTree = "<group>"; };
		1E337D6A203B758100A9EAA1 /* CellLayout.swift */ = {isa = PBXFileReference; lastKnownFileType = sourcecode.swift; path = CellLayout.swift; sourceTree = "<group>"; };
/* End PBXFileReference section */

/* Begin PBXFrameworksBuildPhase section */
		1E020ECC203CFE92001D0737 /* Frameworks */ = {
			isa = PBXFrameworksBuildPhase;
			buildActionMask = 2147483647;
			files = (
			);
			runOnlyForDeploymentPostprocessing = 0;
		};
		1E337D292035127800A9EAA1 /* Frameworks */ = {
			isa = PBXFrameworksBuildPhase;
			buildActionMask = 2147483647;
			files = (
			);
			runOnlyForDeploymentPostprocessing = 0;
		};
/* End PBXFrameworksBuildPhase section */

/* Begin PBXGroup section */
		1E020ED0203CFE92001D0737 /* OKCTests */ = {
			isa = PBXGroup;
			children = (
				1E020ED1203CFE92001D0737 /* OKCTests.swift */,
				1E020ED3203CFE92001D0737 /* Info.plist */,
			);
			path = OKCTests;
			sourceTree = "<group>";
		};
		1E337D232035127800A9EAA1 = {
			isa = PBXGroup;
			children = (
				1E337D2E2035127800A9EAA1 /* OKC */,
				1E020ED0203CFE92001D0737 /* OKCTests */,
				1E337D2D2035127800A9EAA1 /* Products */,
			);
			sourceTree = "<group>";
		};
		1E337D2D2035127800A9EAA1 /* Products */ = {
			isa = PBXGroup;
			children = (
				1E337D2C2035127800A9EAA1 /* OKC.app */,
				1E020ECF203CFE92001D0737 /* OKCTests.xctest */,
			);
			name = Products;
			sourceTree = "<group>";
		};
		1E337D2E2035127800A9EAA1 /* OKC */ = {
			isa = PBXGroup;
			children = (
				1E337D41203512A300A9EAA1 /* AppDelegate */,
				1E337D4B2039D15D00A9EAA1 /* Models */,
				1E337D42203512D100A9EAA1 /* Networking */,
				1E337D452035183400A9EAA1 /* Parsers */,
				1E337D462035186100A9EAA1 /* ViewControllers */,
				1E337D4E2039D3A300A9EAA1 /* Views */,
				1E337D4F2039D3BE00A9EAA1 /* Resources */,
			);
			path = OKC;
			sourceTree = "<group>";
		};
		1E337D41203512A300A9EAA1 /* AppDelegate */ = {
			isa = PBXGroup;
			children = (
				1E337D2F2035127800A9EAA1 /* AppDelegate.swift */,
			);
			path = AppDelegate;
			sourceTree = "<group>";
		};
		1E337D42203512D100A9EAA1 /* Networking */ = {
			isa = PBXGroup;
			children = (
				1E337D432035169E00A9EAA1 /* OKCNetworkingAPI.swift */,
			);
			path = Networking;
			sourceTree = "<group>";
		};
		1E337D452035183400A9EAA1 /* Parsers */ = {
			isa = PBXGroup;
			children = (
				1E337D4720351ACE00A9EAA1 /* UserPhotoParser.swift */,
				1E337D4920351ADF00A9EAA1 /* UserDataParser.swift */,
				1E337D502039D6D500A9EAA1 /* UserLocationParser.swift */,
			);
			path = Parsers;
			sourceTree = "<group>";
		};
		1E337D462035186100A9EAA1 /* ViewControllers */ = {
			isa = PBXGroup;
			children = (
				1E337D312035127800A9EAA1 /* ViewController.swift */,
			);
			path = ViewControllers;
			sourceTree = "<group>";
		};
		1E337D4B2039D15D00A9EAA1 /* Models */ = {
			isa = PBXGroup;
			children = (
				1E337D4C2039D17800A9EAA1 /* UserPhoto.swift */,
				1E337D522039D78100A9EAA1 /* UserLocation.swift */,
				1E337D60203A01F900A9EAA1 /* UserDetails.swift */,
			);
			path = Models;
			sourceTree = "<group>";
		};
		1E337D4E2039D3A300A9EAA1 /* Views */ = {
			isa = PBXGroup;
			children = (
				1E337D332035127800A9EAA1 /* Main.storyboard */,
				1E337D382035127800A9EAA1 /* LaunchScreen.storyboard */,
				1E337D6A203B758100A9EAA1 /* CellLayout.swift */,
			);
			path = Views;
			sourceTree = "<group>";
		};
		1E337D4F2039D3BE00A9EAA1 /* Resources */ = {
			isa = PBXGroup;
			children = (
				1E337D3B2035127800A9EAA1 /* Info.plist */,
				1E337D362035127800A9EAA1 /* Assets.xcassets */,
			);
			path = Resources;
			sourceTree = "<group>";
		};
/* End PBXGroup section */

/* Begin PBXNativeTarget section */
		1E020ECE203CFE92001D0737 /* OKCTests */ = {
			isa = PBXNativeTarget;
			buildConfigurationList = 1E020ED8203CFE92001D0737 /* Build configuration list for PBXNativeTarget "OKCTests" */;
			buildPhases = (
				1E020ECB203CFE92001D0737 /* Sources */,
				1E020ECC203CFE92001D0737 /* Frameworks */,
				1E020ECD203CFE92001D0737 /* Resources */,
			);
			buildRules = (
			);
			dependencies = (
				1E020ED5203CFE92001D0737 /* PBXTargetDependency */,
			);
			name = OKCTests;
			productName = OKCTests;
			productReference = 1E020ECF203CFE92001D0737 /* OKCTests.xctest */;
			productType = "com.apple.product-type.bundle.unit-test";
		};
		1E337D2B2035127800A9EAA1 /* OKC */ = {
			isa = PBXNativeTarget;
			buildConfigurationList = 1E337D3E2035127800A9EAA1 /* Build configuration list for PBXNativeTarget "OKC" */;
			buildPhases = (
				1E337D282035127800A9EAA1 /* Sources */,
				1E337D292035127800A9EAA1 /* Frameworks */,
				1E337D2A2035127800A9EAA1 /* Resources */,
			);
			buildRules = (
			);
			dependencies = (
			);
			name = OKC;
			productName = OKC;
			productReference = 1E337D2C2035127800A9EAA1 /* OKC.app */;
			productType = "com.apple.product-type.application";
		};
/* End PBXNativeTarget section */

/* Begin PBXProject section */
		1E337D242035127800A9EAA1 /* Project object */ = {
			isa = PBXProject;
			attributes = {
				LastSwiftUpdateCheck = 0920;
				LastUpgradeCheck = 0920;
				ORGANIZATIONNAME = "Laticia Chance";
				TargetAttributes = {
					1E020ECE203CFE92001D0737 = {
						CreatedOnToolsVersion = 9.2;
						ProvisioningStyle = Automatic;
						TestTargetID = 1E337D2B2035127800A9EAA1;
					};
					1E337D2B2035127800A9EAA1 = {
						CreatedOnToolsVersion = 9.2;
						ProvisioningStyle = Automatic;
					};
				};
			};
			buildConfigurationList = 1E337D272035127800A9EAA1 /* Build configuration list for PBXProject "OKC" */;
			compatibilityVersion = "Xcode 8.0";
			developmentRegion = en;
			hasScannedForEncodings = 0;
			knownRegions = (
				en,
				Base,
			);
			mainGroup = 1E337D232035127800A9EAA1;
			productRefGroup = 1E337D2D2035127800A9EAA1 /* Products */;
			projectDirPath = "";
			projectRoot = "";
			targets = (
				1E337D2B2035127800A9EAA1 /* OKC */,
				1E020ECE203CFE92001D0737 /* OKCTests */,
			);
		};
/* End PBXProject section */

/* Begin PBXResourcesBuildPhase section */
		1E020ECD203CFE92001D0737 /* Resources */ = {
			isa = PBXResourcesBuildPhase;
			buildActionMask = 2147483647;
			files = (
			);
			runOnlyForDeploymentPostprocessing = 0;
		};
		1E337D2A2035127800A9EAA1 /* Resources */ = {
			isa = PBXResourcesBuildPhase;
			buildActionMask = 2147483647;
			files = (
				1E337D3A2035127800A9EAA1 /* LaunchScreen.storyboard in Resources */,
				1E337D372035127800A9EAA1 /* Assets.xcassets in Resources */,
				1E337D352035127800A9EAA1 /* Main.storyboard in Resources */,
			);
			runOnlyForDeploymentPostprocessing = 0;
		};
/* End PBXResourcesBuildPhase section */

/* Begin PBXSourcesBuildPhase section */
		1E020ECB203CFE92001D0737 /* Sources */ = {
			isa = PBXSourcesBuildPhase;
			buildActionMask = 2147483647;
			files = (
				1E020ED2203CFE92001D0737 /* OKCTests.swift in Sources */,
			);
			runOnlyForDeploymentPostprocessing = 0;
		};
		1E337D282035127800A9EAA1 /* Sources */ = {
			isa = PBXSourcesBuildPhase;
			buildActionMask = 2147483647;
			files = (
				1E337D322035127800A9EAA1 /* ViewController.swift in Sources */,
				1E337D6B203B758100A9EAA1 /* CellLayout.swift in Sources */,
				1E337D302035127800A9EAA1 /* AppDelegate.swift in Sources */,
				1E337D4820351ACE00A9EAA1 /* UserPhotoParser.swift in Sources */,
				1E337D442035169E00A9EAA1 /* OKCNetworkingAPI.swift in Sources */,
				1E337D4A20351ADF00A9EAA1 /* UserDataParser.swift in Sources */,
				1E337D532039D78100A9EAA1 /* UserLocation.swift in Sources */,
				1E337D512039D6D500A9EAA1 /* UserLocationParser.swift in Sources */,
				1E337D4D2039D17800A9EAA1 /* UserPhoto.swift in Sources */,
				1E337D61203A01F900A9EAA1 /* UserDetails.swift in Sources */,
			);
			runOnlyForDeploymentPostprocessing = 0;
		};
/* End PBXSourcesBuildPhase section */

/* Begin PBXTargetDependency section */
		1E020ED5203CFE92001D0737 /* PBXTargetDependency */ = {
			isa = PBXTargetDependency;
			target = 1E337D2B2035127800A9EAA1 /* OKC */;
			targetProxy = 1E020ED4203CFE92001D0737 /* PBXContainerItemProxy */;
		};
/* End PBXTargetDependency section */

/* Begin PBXVariantGroup section */
		1E337D332035127800A9EAA1 /* Main.storyboard */ = {
			isa = PBXVariantGroup;
			children = (
				1E337D342035127800A9EAA1 /* Base */,
			);
			name = Main.storyboard;
			sourceTree = "<group>";
		};
		1E337D382035127800A9EAA1 /* LaunchScreen.storyboard */ = {
			isa = PBXVariantGroup;
			children = (
				1E337D392035127800A9EAA1 /* Base */,
			);
			name = LaunchScreen.storyboard;
			sourceTree = "<group>";
		};
/* End PBXVariantGroup section */

/* Begin XCBuildConfiguration section */
		1E020ED6203CFE92001D0737 /* Debug */ = {
			isa = XCBuildConfiguration;
			buildSettings = {
				BUNDLE_LOADER = "$(TEST_HOST)";
				CODE_SIGN_STYLE = Automatic;
				DEVELOPMENT_TEAM = TDFXWLD7DJ;
				INFOPLIST_FILE = OKCTests/Info.plist;
				LD_RUNPATH_SEARCH_PATHS = "$(inherited) @executable_path/Frameworks @loader_path/Frameworks";
				PRODUCT_BUNDLE_IDENTIFIER = com.electricchance.OKCTests;
				PRODUCT_NAME = "$(TARGET_NAME)";
				SWIFT_VERSION = 4.0;
				TARGETED_DEVICE_FAMILY = "1,2";
				TEST_HOST = "$(BUILT_PRODUCTS_DIR)/OKC.app/OKC";
			};
			name = Debug;
		};
		1E020ED7203CFE92001D0737 /* Release */ = {
			isa = XCBuildConfiguration;
			buildSettings = {
				BUNDLE_LOADER = "$(TEST_HOST)";
				CODE_SIGN_STYLE = Automatic;
				DEVELOPMENT_TEAM = TDFXWLD7DJ;
				INFOPLIST_FILE = OKCTests/Info.plist;
				LD_RUNPATH_SEARCH_PATHS = "$(inherited) @executable_path/Frameworks @loader_path/Frameworks";
				PRODUCT_BUNDLE_IDENTIFIER = com.electricchance.OKCTests;
				PRODUCT_NAME = "$(TARGET_NAME)";
				SWIFT_VERSION = 4.0;
				TARGETED_DEVICE_FAMILY = "1,2";
				TEST_HOST = "$(BUILT_PRODUCTS_DIR)/OKC.app/OKC";
			};
			name = Release;
		};
		1E337D3C2035127800A9EAA1 /* Debug */ = {
			isa = XCBuildConfiguration;
			buildSettings = {
				ALWAYS_SEARCH_USER_PATHS = NO;
				CLANG_ANALYZER_NONNULL = YES;
				CLANG_ANALYZER_NUMBER_OBJECT_CONVERSION = YES_AGGRESSIVE;
				CLANG_CXX_LANGUAGE_STANDARD = "gnu++14";
				CLANG_CXX_LIBRARY = "libc++";
				CLANG_ENABLE_MODULES = YES;
				CLANG_ENABLE_OBJC_ARC = YES;
				CLANG_WARN_BLOCK_CAPTURE_AUTORELEASING = YES;
				CLANG_WARN_BOOL_CONVERSION = YES;
				CLANG_WARN_COMMA = YES;
				CLANG_WARN_CONSTANT_CONVERSION = YES;
				CLANG_WARN_DIRECT_OBJC_ISA_USAGE = YES_ERROR;
				CLANG_WARN_DOCUMENTATION_COMMENTS = YES;
				CLANG_WARN_EMPTY_BODY = YES;
				CLANG_WARN_ENUM_CONVERSION = YES;
				CLANG_WARN_INFINITE_RECURSION = YES;
				CLANG_WARN_INT_CONVERSION = YES;
				CLANG_WARN_NON_LITERAL_NULL_CONVERSION = YES;
				CLANG_WARN_OBJC_LITERAL_CONVERSION = YES;
				CLANG_WARN_OBJC_ROOT_CLASS = YES_ERROR;
				CLANG_WARN_RANGE_LOOP_ANALYSIS = YES;
				CLANG_WARN_STRICT_PROTOTYPES = YES;
				CLANG_WARN_SUSPICIOUS_MOVE = YES;
				CLANG_WARN_UNGUARDED_AVAILABILITY = YES_AGGRESSIVE;
				CLANG_WARN_UNREACHABLE_CODE = YES;
				CLANG_WARN__DUPLICATE_METHOD_MATCH = YES;
				CODE_SIGN_IDENTITY = "iPhone Developer";
				COPY_PHASE_STRIP = NO;
				DEBUG_INFORMATION_FORMAT = dwarf;
				ENABLE_STRICT_OBJC_MSGSEND = YES;
				ENABLE_TESTABILITY = YES;
				GCC_C_LANGUAGE_STANDARD = gnu11;
				GCC_DYNAMIC_NO_PIC = NO;
				GCC_NO_COMMON_BLOCKS = YES;
				GCC_OPTIMIZATION_LEVEL = 0;
				GCC_PREPROCESSOR_DEFINITIONS = (
					"DEBUG=1",
					"$(inherited)",
				);
				GCC_WARN_64_TO_32_BIT_CONVERSION = YES;
				GCC_WARN_ABOUT_RETURN_TYPE = YES_ERROR;
				GCC_WARN_UNDECLARED_SELECTOR = YES;
				GCC_WARN_UNINITIALIZED_AUTOS = YES_AGGRESSIVE;
				GCC_WARN_UNUSED_FUNCTION = YES;
				GCC_WARN_UNUSED_VARIABLE = YES;
				IPHONEOS_DEPLOYMENT_TARGET = 11.2;
				MTL_ENABLE_DEBUG_INFO = YES;
				ONLY_ACTIVE_ARCH = YES;
				SDKROOT = iphoneos;
				SWIFT_ACTIVE_COMPILATION_CONDITIONS = DEBUG;
				SWIFT_OPTIMIZATION_LEVEL = "-Onone";
			};
			name = Debug;
		};
		1E337D3D2035127800A9EAA1 /* Release */ = {
			isa = XCBuildConfiguration;
			buildSettings = {
				ALWAYS_SEARCH_USER_PATHS = NO;
				CLANG_ANALYZER_NONNULL = YES;
				CLANG_ANALYZER_NUMBER_OBJECT_CONVERSION = YES_AGGRESSIVE;
				CLANG_CXX_LANGUAGE_STANDARD = "gnu++14";
				CLANG_CXX_LIBRARY = "libc++";
				CLANG_ENABLE_MODULES = YES;
				CLANG_ENABLE_OBJC_ARC = YES;
				CLANG_WARN_BLOCK_CAPTURE_AUTORELEASING = YES;
				CLANG_WARN_BOOL_CONVERSION = YES;
				CLANG_WARN_COMMA = YES;
				CLANG_WARN_CONSTANT_CONVERSION = YES;
				CLANG_WARN_DIRECT_OBJC_ISA_USAGE = YES_ERROR;
				CLANG_WARN_DOCUMENTATION_COMMENTS = YES;
				CLANG_WARN_EMPTY_BODY = YES;
				CLANG_WARN_ENUM_CONVERSION = YES;
				CLANG_WARN_INFINITE_RECURSION = YES;
				CLANG_WARN_INT_CONVERSION = YES;
				CLANG_WARN_NON_LITERAL_NULL_CONVERSION = YES;
				CLANG_WARN_OBJC_LITERAL_CONVERSION = YES;
				CLANG_WARN_OBJC_ROOT_CLASS = YES_ERROR;
				CLANG_WARN_RANGE_LOOP_ANALYSIS = YES;
				CLANG_WARN_STRICT_PROTOTYPES = YES;
				CLANG_WARN_SUSPICIOUS_MOVE = YES;
				CLANG_WARN_UNGUARDED_AVAILABILITY = YES_AGGRESSIVE;
				CLANG_WARN_UNREACHABLE_CODE = YES;
				CLANG_WARN__DUPLICATE_METHOD_MATCH = YES;
				CODE_SIGN_IDENTITY = "iPhone Developer";
				COPY_PHASE_STRIP = NO;
				DEBUG_INFORMATION_FORMAT = "dwarf-with-dsym";
				ENABLE_NS_ASSERTIONS = NO;
				ENABLE_STRICT_OBJC_MSGSEND = YES;
				GCC_C_LANGUAGE_STANDARD = gnu11;
				GCC_NO_COMMON_BLOCKS = YES;
				GCC_WARN_64_TO_32_BIT_CONVERSION = YES;
				GCC_WARN_ABOUT_RETURN_TYPE = YES_ERROR;
				GCC_WARN_UNDECLARED_SELECTOR = YES;
				GCC_WARN_UNINITIALIZED_AUTOS = YES_AGGRESSIVE;
				GCC_WARN_UNUSED_FUNCTION = YES;
				GCC_WARN_UNUSED_VARIABLE = YES;
				IPHONEOS_DEPLOYMENT_TARGET = 11.2;
				MTL_ENABLE_DEBUG_INFO = NO;
				SDKROOT = iphoneos;
				SWIFT_OPTIMIZATION_LEVEL = "-Owholemodule";
				VALIDATE_PRODUCT = YES;
			};
			name = Release;
		};
		1E337D3F2035127800A9EAA1 /* Debug */ = {
			isa = XCBuildConfiguration;
			buildSettings = {
				ASSETCATALOG_COMPILER_APPICON_NAME = AppIcon;
				CODE_SIGN_STYLE = Automatic;
				DEVELOPMENT_TEAM = TDFXWLD7DJ;
				INFOPLIST_FILE = "$(SRCROOT)/OKC/Resources/Info.plist";
				LD_RUNPATH_SEARCH_PATHS = "$(inherited) @executable_path/Frameworks";
				PRODUCT_BUNDLE_IDENTIFIER = com.electricchance.OKC;
				PRODUCT_NAME = "$(TARGET_NAME)";
				SWIFT_VERSION = 4.0;
				TARGETED_DEVICE_FAMILY = "1,2";
			};
			name = Debug;
		};
		1E337D402035127800A9EAA1 /* Release */ = {
			isa = XCBuildConfiguration;
			buildSettings = {
				ASSETCATALOG_COMPILER_APPICON_NAME = AppIcon;
				CODE_SIGN_STYLE = Automatic;
				DEVELOPMENT_TEAM = TDFXWLD7DJ;
				INFOPLIST_FILE = "$(SRCROOT)/OKC/Resources/Info.plist";
				LD_RUNPATH_SEARCH_PATHS = "$(inherited) @executable_path/Frameworks";
				PRODUCT_BUNDLE_IDENTIFIER = com.electricchance.OKC;
				PRODUCT_NAME = "$(TARGET_NAME)";
				SWIFT_VERSION = 4.0;
				TARGETED_DEVICE_FAMILY = "1,2";
			};
			name = Release;
		};
/* End XCBuildConfiguration section */

/* Begin XCConfigurationList section */
		1E020ED8203CFE92001D0737 /* Build configuration list for PBXNativeTarget "OKCTests" */ = {
			isa = XCConfigurationList;
			buildConfigurations = (
				1E020ED6203CFE92001D0737 /* Debug */,
				1E020ED7203CFE92001D0737 /* Release */,
			);
			defaultConfigurationIsVisible = 0;
			defaultConfigurationName = Release;
		};
		1E337D272035127800A9EAA1 /* Build configuration list for PBXProject "OKC" */ = {
			isa = XCConfigurationList;
			buildConfigurations = (
				1E337D3C2035127800A9EAA1 /* Debug */,
				1E337D3D2035127800A9EAA1 /* Release */,
			);
			defaultConfigurationIsVisible = 0;
			defaultConfigurationName = Release;
		};
		1E337D3E2035127800A9EAA1 /* Build configuration list for PBXNativeTarget "OKC" */ = {
			isa = XCConfigurationList;
			buildConfigurations = (
				1E337D3F2035127800A9EAA1 /* Debug */,
				1E337D402035127800A9EAA1 /* Release */,
			);
			defaultConfigurationIsVisible = 0;
			defaultConfigurationName = Release;
		};
/* End XCConfigurationList section */
	};
	rootObject = 1E337D242035127800A9EAA1 /* Project object */;
}
